{
  "nodes": {
    "localvqe-src": {
      "flake": false,
      "locked": {
        "lastModified": 1778833395,
        "narHash": "sha256-tsVDSGQmqN/hmlV3SSmWBttDmm28qI13bhcS5NtEJvA=",
        "ref": "refs/heads/main",
        "rev": "b6d57f4acd4137ee0e1961d0adce6e8dddc47bd0",
        "revCount": 36,
        "submodules": true,
        "type": "git",
        "url": "https://github.com/localai-org/LocalVQE"
      },
      "original": {
        "submodules": true,
        "type": "git",
        "url": "https://github.com/localai-org/LocalVQE"
      }
    },
    "nixpkgs": {
      "locked": {
        "lastModified": 1777954456,
        "narHash": "sha256-hGdgeU2Nk87RAuZyYjyDjFL6LK7dAZN5RE9+hrDTkDU=",
        "owner": "NixOS",
        "repo": "nixpkgs",
        "rev": "549bd84d6279f9852cae6225e372cc67fb91a4c1",
        "type": "github"
      },
      "original": {
        "id": "nixpkgs",
        "ref": "nixos-unstable",
        "type": "indirect"
      }
    },
    "root": {
      "inputs": {
        "localvqe-src": "localvqe-src",
        "nixpkgs": "nixpkgs"
      }
    }
  },
  "root": "root",
  "version": 7
}
