{
  "nodes": {
    "localvqe-src": {
      "flake": false,
      "locked": {
        "lastModified": 1780052968,
        "narHash": "sha256-kVv4ABZuyH6C1QkQ67leXAvvH3+v1BrJXis2MB4mroQ=",
        "ref": "refs/heads/main",
        "rev": "de56a174d9662b65f404ec65ae8e4bc9712db0da",
        "revCount": 47,
        "submodules": true,
        "type": "git",
        "url": "https://github.com/localai-org/LocalVQE"
      },
      "original": {
        "submodules": true,
        "type": "git",
        "url": "https://github.com/localai-org/LocalVQE"
      }
    },
    "nixpkgs": {
      "locked": {
        "lastModified": 1777954456,
        "narHash": "sha256-hGdgeU2Nk87RAuZyYjyDjFL6LK7dAZN5RE9+hrDTkDU=",
        "owner": "NixOS",
        "repo": "nixpkgs",
        "rev": "549bd84d6279f9852cae6225e372cc67fb91a4c1",
        "type": "github"
      },
      "original": {
        "id": "nixpkgs",
        "ref": "nixos-unstable",
        "type": "indirect"
      }
    },
    "root": {
      "inputs": {
        "localvqe-src": "localvqe-src",
        "nixpkgs": "nixpkgs"
      }
    }
  },
  "root": "root",
  "version": 7
}
