{
  "nodes": {
    "localvqe-src": {
      "flake": false,
      "locked": {
        "lastModified": 1782218107,
        "narHash": "sha256-xUjI4JBzdsNwbYLNME5xl8MoPkk7hqxGAv6jhC1H/Q8=",
        "ref": "refs/heads/main",
        "rev": "35b116d5eb059d552fa46fac3ce2963ed13ce153",
        "revCount": 57,
        "submodules": true,
        "type": "git",
        "url": "https://github.com/localai-org/LocalVQE"
      },
      "original": {
        "submodules": true,
        "type": "git",
        "url": "https://github.com/localai-org/LocalVQE"
      }
    },
    "nixpkgs": {
      "locked": {
        "lastModified": 1777954456,
        "narHash": "sha256-hGdgeU2Nk87RAuZyYjyDjFL6LK7dAZN5RE9+hrDTkDU=",
        "owner": "NixOS",
        "repo": "nixpkgs",
        "rev": "549bd84d6279f9852cae6225e372cc67fb91a4c1",
        "type": "github"
      },
      "original": {
        "id": "nixpkgs",
        "ref": "nixos-unstable",
        "type": "indirect"
      }
    },
    "root": {
      "inputs": {
        "localvqe-src": "localvqe-src",
        "nixpkgs": "nixpkgs"
      }
    }
  },
  "root": "root",
  "version": 7
}
